// !$*UTF8*$!
{
	archiveVersion = 1;
	classes = {
	};
	objectVersion = 46;
	objects = {

/* Begin PBXBuildFile section */
		6B125EF9179978B600F79E18 /* UIKit.framework in Frameworks */ = {isa = PBXBuildFile; fileRef = 6B125EF8179978B600F79E18 /* UIKit.framework */; };
		6B125EFB179978B600F79E18 /* Foundation.framework in Frameworks */ = {isa = PBXBuildFile; fileRef = 6B125EFA179978B600F79E18 /* Foundation.framework */; };
		6B125EFD179978B600F79E18 /* CoreGraphics.framework in Frameworks */ = {isa = PBXBuildFile; fileRef = 6B125EFC179978B600F79E18 /* CoreGraphics.framework */; };
		6B125F03179978B600F79E18 /* InfoPlist.strings in Resources */ = {isa = PBXBuildFile; fileRef = 6B125F01179978B600F79E18 /* InfoPlist.strings */; };
		6B125F05179978B600F79E18 /* main.m in Sources */ = {isa = PBXBuildFile; fileRef = 6B125F04179978B600F79E18 /* main.m */; };
		6B125F09179978B600F79E18 /* AppDelegate.m in Sources */ = {isa = PBXBuildFile; fileRef = 6B125F08179978B600F79E18 /* AppDelegate.m */; };
		6B125F0B179978B600F79E18 /* Default.png in Resources */ = {isa = PBXBuildFile; fileRef = 6B125F0A179978B600F79E18 /* Default.png */; };
		6B125F0D179978B600F79E18 /* Default@2x.png in Resources */ = {isa = PBXBuildFile; fileRef = 6B125F0C179978B600F79E18 /* Default@2x.png */; };
		6B125F0F179978B600F79E18 /* Default-568h@2x.png in Resources */ = {isa = PBXBuildFile; fileRef = 6B125F0E179978B600F79E18 /* Default-568h@2x.png */; };
		6B125F12179978B600F79E18 /* ViewController.m in Sources */ = {isa = PBXBuildFile; fileRef = 6B125F11179978B600F79E18 /* ViewController.m */; };
		6B125F15179978B600F79E18 /* ViewController.xib in Resources */ = {isa = PBXBuildFile; fileRef = 6B125F13179978B600F79E18 /* ViewController.xib */; };
/* End PBXBuildFile section */

/* Begin PBXFileReference section */
		6B125EF5179978B600F79E18 /* ScaleImage.app */ = {isa = PBXFileReference; explicitFileType = wrapper.application; includeInIndex = 0; path = ScaleImage.app; sourceTree = BUILT_PRODUCTS_DIR; };
		6B125EF8179978B600F79E18 /* UIKit.framework */ = {isa = PBXFileReference; lastKnownFileType = wrapper.framework; name = UIKit.framework; path = System/Library/Frameworks/UIKit.framework; sourceTree = SDKROOT; };
		6B125EFA179978B600F79E18 /* Foundation.framework */ = {isa = PBXFileReference; lastKnownFileType = wrapper.framework; name = Foundation.framework; path = System/Library/Frameworks/Foundation.framework; sourceTree = SDKROOT; };
		6B125EFC179978B600F79E18 /* CoreGraphics.framework */ = {isa = PBXFileReference; lastKnownFileType = wrapper.framework; name = CoreGraphics.framework; path = System/Library/Frameworks/CoreGraphics.framework; sourceTree = SDKROOT; };
		6B125F00179978B600F79E18 /* ScaleImage-Info.plist */ = {isa = PBXFileReference; lastKnownFileType = text.plist.xml; path = "ScaleImage-Info.plist"; sourceTree = "<group>"; };
		6B125F02179978B600F79E18 /* en */ = {isa = PBXFileReference; lastKnownFileType = text.plist.strings; name = en; path = en.lproj/InfoPlist.strings; sourceTree = "<group>"; };
		6B125F04179978B600F79E18 /* main.m */ = {isa = PBXFileReference; lastKnownFileType = sourcecode.c.objc; path = main.m; sourceTree = "<group>"; };
		6B125F06179978B600F79E18 /* ScaleImage-Prefix.pch */ = {isa = PBXFileReference; lastKnownFileType = sourcecode.c.h; path = "ScaleImage-Prefix.pch"; sourceTree = "<group>"; };
		6B125F07179978B600F79E18 /* AppDelegate.h */ = {isa = PBXFileReference; lastKnownFileType = sourcecode.c.h; path = AppDelegate.h; sourceTree = "<group>"; };
		6B125F08179978B600F79E18 /* AppDelegate.m */ = {isa = PBXFileReference; lastKnownFileType = sourcecode.c.objc; path = AppDelegate.m; sourceTree = "<group>"; };
		6B125F0A179978B600F79E18 /* Default.png */ = {isa = PBXFileReference; lastKnownFileType = image.png; path = Default.png; sourceTree = "<group>"; };
		6B125F0C179978B600F79E18 /* Default@2x.png */ = {isa = PBXFileReference; lastKnownFileType = image.png; path = "Default@2x.png"; sourceTree = "<group>"; };
		6B125F0E179978B600F79E18 /* Default-568h@2x.png */ = {isa = PBXFileReference; lastKnownFileType = image.png; path = "Default-568h@2x.png"; sourceTree = "<group>"; };
		6B125F10179978B600F79E18 /* ViewController.h */ = {isa = PBXFileReference; lastKnownFileType = sourcecode.c.h; path = ViewController.h; sourceTree = "<group>"; };
		6B125F11179978B600F79E18 /* ViewController.m */ = {isa = PBXFileReference; lastKnownFileType = sourcecode.c.objc; path = ViewController.m; sourceTree = "<group>"; };
		6B125F14179978B600F79E18 /* en */ = {isa = PBXFileReference; lastKnownFileType = file.xib; name = en; path = en.lproj/ViewController.xib; sourceTree = "<group>"; };
/* End PBXFileReference section */

/* Begin PBXFrameworksBuildPhase section */
		6B125EF2179978B600F79E18 /* Frameworks */ = {
			isa = PBXFrameworksBuildPhase;
			buildActionMask = 2147483647;
			files = (
				6B125EF9179978B600F79E18 /* UIKit.framework in Frameworks */,
				6B125EFB179978B600F79E18 /* Foundation.framework in Frameworks */,
				6B125EFD179978B600F79E18 /* CoreGraphics.framework in Frameworks */,
			);
			runOnlyForDeploymentPostprocessing = 0;
		};
/* End PBXFrameworksBuildPhase section */

/* Begin PBXGroup section */
		6B125EEC179978B600F79E18 = {
			isa = PBXGroup;
			children = (
				6B125EFE179978B600F79E18 /* ScaleImage */,
				6B125EF7179978B600F79E18 /* Frameworks */,
				6B125EF6179978B600F79E18 /* Products */,
			);
			sourceTree = "<group>";
		};
		6B125EF6179978B600F79E18 /* Products */ = {
			isa = PBXGroup;
			children = (
				6B125EF5179978B600F79E18 /* ScaleImage.app */,
			);
			name = Products;
			sourceTree = "<group>";
		};
		6B125EF7179978B600F79E18 /* Frameworks */ = {
			isa = PBXGroup;
			children = (
				6B125EF8179978B600F79E18 /* UIKit.framework */,
				6B125EFA179978B600F79E18 /* Foundation.framework */,
				6B125EFC179978B600F79E18 /* CoreGraphics.framework */,
			);
			name = Frameworks;
			sourceTree = "<group>";
		};
		6B125EFE179978B600F79E18 /* ScaleImage */ = {
			isa = PBXGroup;
			children = (
				6B125F07179978B600F79E18 /* AppDelegate.h */,
				6B125F08179978B600F79E18 /* AppDelegate.m */,
				6B125F10179978B600F79E18 /* ViewController.h */,
				6B125F11179978B600F79E18 /* ViewController.m */,
				6B125F13179978B600F79E18 /* ViewController.xib */,
				6B125EFF179978B600F79E18 /* Supporting Files */,
			);
			path = ScaleImage;
			sourceTree = "<group>";
		};
		6B125EFF179978B600F79E18 /* Supporting Files */ = {
			isa = PBXGroup;
			children = (
				6B125F00179978B600F79E18 /* ScaleImage-Info.plist */,
				6B125F01179978B600F79E18 /* InfoPlist.strings */,
				6B125F04179978B600F79E18 /* main.m */,
				6B125F06179978B600F79E18 /* ScaleImage-Prefix.pch */,
				6B125F0A179978B600F79E18 /* Default.png */,
				6B125F0C179978B600F79E18 /* Default@2x.png */,
				6B125F0E179978B600F79E18 /* Default-568h@2x.png */,
			);
			name = "Supporting Files";
			sourceTree = "<group>";
		};
/* End PBXGroup section */

/* Begin PBXNativeTarget section */
		6B125EF4179978B600F79E18 /* ScaleImage */ = {
			isa = PBXNativeTarget;
			buildConfigurationList = 6B125F18179978B600F79E18 /* Build configuration list for PBXNativeTarget "ScaleImage" */;
			buildPhases = (
				6B125EF1179978B600F79E18 /* Sources */,
				6B125EF2179978B600F79E18 /* Frameworks */,
				6B125EF3179978B600F79E18 /* Resources */,
			);
			buildRules = (
			);
			dependencies = (
			);
			name = ScaleImage;
			productName = ScaleImage;
			productReference = 6B125EF5179978B600F79E18 /* ScaleImage.app */;
			productType = "com.apple.product-type.application";
		};
/* End PBXNativeTarget section */

/* Begin PBXProject section */
		6B125EED179978B600F79E18 /* Project object */ = {
			isa = PBXProject;
			attributes = {
				LastUpgradeCheck = 0460;
				ORGANIZATIONNAME = ChinaSoft;
			};
			buildConfigurationList = 6B125EF0179978B600F79E18 /* Build configuration list for PBXProject "ScaleImage" */;
			compatibilityVersion = "Xcode 3.2";
			developmentRegion = English;
			hasScannedForEncodings = 0;
			knownRegions = (
				en,
			);
			mainGroup = 6B125EEC179978B600F79E18;
			productRefGroup = 6B125EF6179978B600F79E18 /* Products */;
			projectDirPath = "";
			projectRoot = "";
			targets = (
				6B125EF4179978B600F79E18 /* ScaleImage */,
			);
		};
/* End PBXProject section */

/* Begin PBXResourcesBuildPhase section */
		6B125EF3179978B600F79E18 /* Resources */ = {
			isa = PBXResourcesBuildPhase;
			buildActionMask = 2147483647;
			files = (
				6B125F03179978B600F79E18 /* InfoPlist.strings in Resources */,
				6B125F0B179978B600F79E18 /* Default.png in Resources */,
				6B125F0D179978B600F79E18 /* Default@2x.png in Resources */,
				6B125F0F179978B600F79E18 /* Default-568h@2x.png in Resources */,
				6B125F15179978B600F79E18 /* ViewController.xib in Resources */,
			);
			runOnlyForDeploymentPostprocessing = 0;
		};
/* End PBXResourcesBuildPhase section */

/* Begin PBXSourcesBuildPhase section */
		6B125EF1179978B600F79E18 /* Sources */ = {
			isa = PBXSourcesBuildPhase;
			buildActionMask = 2147483647;
			files = (
				6B125F05179978B600F79E18 /* main.m in Sources */,
				6B125F09179978B600F79E18 /* AppDelegate.m in Sources */,
				6B125F12179978B600F79E18 /* ViewController.m in Sources */,
			);
			runOnlyForDeploymentPostprocessing = 0;
		};
/* End PBXSourcesBuildPhase section */

/* Begin PBXVariantGroup section */
		6B125F01179978B600F79E18 /* InfoPlist.strings */ = {
			isa = PBXVariantGroup;
			children = (
				6B125F02179978B600F79E18 /* en */,
			);
			name = InfoPlist.strings;
			sourceTree = "<group>";
		};
		6B125F13179978B600F79E18 /* ViewController.xib */ = {
			isa = PBXVariantGroup;
			children = (
				6B125F14179978B600F79E18 /* en */,
			);
			name = ViewController.xib;
			sourceTree = "<group>";
		};
/* End PBXVariantGroup section */

/* Begin XCBuildConfiguration section */
		6B125F16179978B600F79E18 /* Debug */ = {
			isa = XCBuildConfiguration;
			buildSettings = {
				ALWAYS_SEARCH_USER_PATHS = NO;
				CLANG_CXX_LANGUAGE_STANDARD = "gnu++0x";
				CLANG_CXX_LIBRARY = "libc++";
				CLANG_ENABLE_OBJC_ARC = YES;
				CLANG_WARN_CONSTANT_CONVERSION = YES;
				CLANG_WARN_EMPTY_BODY = YES;
				CLANG_WARN_ENUM_CONVERSION = YES;
				CLANG_WARN_INT_CONVERSION = YES;
				CLANG_WARN__DUPLICATE_METHOD_MATCH = YES;
				"CODE_SIGN_IDENTITY[sdk=iphoneos*]" = "iPhone Developer";
				COPY_PHASE_STRIP = NO;
				GCC_C_LANGUAGE_STANDARD = gnu99;
				GCC_DYNAMIC_NO_PIC = NO;
				GCC_OPTIMIZATION_LEVEL = 0;
				GCC_PREPROCESSOR_DEFINITIONS = (
					"DEBUG=1",
					"$(inherited)",
				);
				GCC_SYMBOLS_PRIVATE_EXTERN = NO;
				GCC_WARN_ABOUT_RETURN_TYPE = YES;
				GCC_WARN_UNINITIALIZED_AUTOS = YES;
				GCC_WARN_UNUSED_VARIABLE = YES;
				IPHONEOS_DEPLOYMENT_TARGET = 6.1;
				ONLY_ACTIVE_ARCH = YES;
				SDKROOT = iphoneos;
			};
			name = Debug;
		};
		6B125F17179978B600F79E18 /* Release */ = {
			isa = XCBuildConfiguration;
			buildSettings = {
				ALWAYS_SEARCH_USER_PATHS = NO;
				CLANG_CXX_LANGUAGE_STANDARD = "gnu++0x";
				CLANG_CXX_LIBRARY = "libc++";
				CLANG_ENABLE_OBJC_ARC = YES;
				CLANG_WARN_CONSTANT_CONVERSION = YES;
				CLANG_WARN_EMPTY_BODY = YES;
				CLANG_WARN_ENUM_CONVERSION = YES;
				CLANG_WARN_INT_CONVERSION = YES;
				CLANG_WARN__DUPLICATE_METHOD_MATCH = YES;
				"CODE_SIGN_IDENTITY[sdk=iphoneos*]" = "iPhone Developer";
				COPY_PHASE_STRIP = YES;
				GCC_C_LANGUAGE_STANDARD = gnu99;
				GCC_WARN_ABOUT_RETURN_TYPE = YES;
				GCC_WARN_UNINITIALIZED_AUTOS = YES;
				GCC_WARN_UNUSED_VARIABLE = YES;
				IPHONEOS_DEPLOYMENT_TARGET = 6.1;
				OTHER_CFLAGS = "-DNS_BLOCK_ASSERTIONS=1";
				SDKROOT = iphoneos;
				VALIDATE_PRODUCT = YES;
			};
			name = Release;
		};
		6B125F19179978B600F79E18 /* Debug */ = {
			isa = XCBuildConfiguration;
			buildSettings = {
				GCC_PRECOMPILE_PREFIX_HEADER = YES;
				GCC_PREFIX_HEADER = "ScaleImage/ScaleImage-Prefix.pch";
				INFOPLIST_FILE = "ScaleImage/ScaleImage-Info.plist";
				PRODUCT_NAME = "$(TARGET_NAME)";
				WRAPPER_EXTENSION = app;
			};
			name = Debug;
		};
		6B125F1A179978B600F79E18 /* Release */ = {
			isa = XCBuildConfiguration;
			buildSettings = {
				GCC_PRECOMPILE_PREFIX_HEADER = YES;
				GCC_PREFIX_HEADER = "ScaleImage/ScaleImage-Prefix.pch";
				INFOPLIST_FILE = "ScaleImage/ScaleImage-Info.plist";
				PRODUCT_NAME = "$(TARGET_NAME)";
				WRAPPER_EXTENSION = app;
			};
			name = Release;
		};
/* End XCBuildConfiguration section */

/* Begin XCConfigurationList section */
		6B125EF0179978B600F79E18 /* Build configuration list for PBXProject "ScaleImage" */ = {
			isa = XCConfigurationList;
			buildConfigurations = (
				6B125F16179978B600F79E18 /* Debug */,
				6B125F17179978B600F79E18 /* Release */,
			);
			defaultConfigurationIsVisible = 0;
			defaultConfigurationName = Release;
		};
		6B125F18179978B600F79E18 /* Build configuration list for PBXNativeTarget "ScaleImage" */ = {
			isa = XCConfigurationList;
			buildConfigurations = (
				6B125F19179978B600F79E18 /* Debug */,
				6B125F1A179978B600F79E18 /* Release */,
			);
			defaultConfigurationIsVisible = 0;
		};
/* End XCConfigurationList section */
	};
	rootObject = 6B125EED179978B600F79E18 /* Project object */;
}
